{
  "originHash" : "5fd7fda173c195cbf69616088f31f27e45d8df04af6e5b36e68b02e61e8e93de",
  "pins" : [
    {
      "identity" : "llama.swift",
      "kind" : "remoteSourceControl",
      "location" : "https://github.com/mattt/llama.swift.git",
      "state" : {
        "revision" : "287463d58ee9767608f75206095b1f5a77881999",
        "version" : "2.8929.0"
      }
    }
  ],
  "version" : 3
}
